// !$*UTF8*$!
{
	archiveVersion = 1;
	classes = {
	};
	objectVersion = 48;
	objects = {

/* Begin PBXBuildFile section */
		9216B4A72090BBF3009A8448 /* OnelineMidi.swift in Sources */ = {isa = PBXBuildFile; fileRef = 9216B4A62090BBF3009A8448 /* OnelineMidi.swift */; };
		92191BEB2046F19F0045C473 /* Player.swift in Sources */ = {isa = PBXBuildFile; fileRef = 92191BE72046F19E0045C473 /* Player.swift */; };
		92191BEC2046F19F0045C473 /* objCMIDIBridge.m in Sources */ = {isa = PBXBuildFile; fileRef = 92191BE92046F19F0045C473 /* objCMIDIBridge.m */; };
		922E2B2F204D87C4003E3507 /* rewindIcon.png in Resources */ = {isa = PBXBuildFile; fileRef = 922E2B2B204D87C4003E3507 /* rewindIcon.png */; };
		922E2B30204D87C4003E3507 /* pauseIcon.png in Resources */ = {isa = PBXBuildFile; fileRef = 922E2B2C204D87C4003E3507 /* pauseIcon.png */; };
		922E2B31204D87C4003E3507 /* playicon.png in Resources */ = {isa = PBXBuildFile; fileRef = 922E2B2D204D87C4003E3507 /* playicon.png */; };
		922E2B32204D87C4003E3507 /* stopIcon.png in Resources */ = {isa = PBXBuildFile; fileRef = 922E2B2E204D87C4003E3507 /* stopIcon.png */; };
		922E2B35204D8E4A003E3507 /* playAltIcon.png in Resources */ = {isa = PBXBuildFile; fileRef = 922E2B34204D8E4A003E3507 /* playAltIcon.png */; };
		923A01F920995552006FD6F6 /* OnelineTST.swift in Sources */ = {isa = PBXBuildFile; fileRef = 923A01F820995552006FD6F6 /* OnelineTST.swift */; };
		92594DE020668E6D00D3828D /* LocatorTextField.swift in Sources */ = {isa = PBXBuildFile; fileRef = 92594DDF20668E6D00D3828D /* LocatorTextField.swift */; };
		9263F1EA204EC66300F52242 /* LocatorViewController.swift in Sources */ = {isa = PBXBuildFile; fileRef = 9263F1E9204EC66300F52242 /* LocatorViewController.swift */; };
		926C63D5203C57BB008AD54F /* AppDelegate.swift in Sources */ = {isa = PBXBuildFile; fileRef = 926C63D4203C57BB008AD54F /* AppDelegate.swift */; };
		926C63D7203C57BB008AD54F /* ViewController.swift in Sources */ = {isa = PBXBuildFile; fileRef = 926C63D6203C57BB008AD54F /* ViewController.swift */; };
		926C63D9203C57BB008AD54F /* MidiData.swift in Sources */ = {isa = PBXBuildFile; fileRef = 926C63D8203C57BB008AD54F /* MidiData.swift */; };
		926C63DB203C57BB008AD54F /* Assets.xcassets in Resources */ = {isa = PBXBuildFile; fileRef = 926C63DA203C57BB008AD54F /* Assets.xcassets */; };
		926C63DE203C57BB008AD54F /* Main.storyboard in Resources */ = {isa = PBXBuildFile; fileRef = 926C63DC203C57BB008AD54F /* Main.storyboard */; };
		926C63E7203C5C75008AD54F /* if_ic_queue_music_48px_352081.icns in Resources */ = {isa = PBXBuildFile; fileRef = 926C63E6203C5C75008AD54F /* if_ic_queue_music_48px_352081.icns */; };
		928317B620991FDC00ADCDEA /* TSTEditorWinC.swift in Sources */ = {isa = PBXBuildFile; fileRef = 928317B520991FDC00ADCDEA /* TSTEditorWinC.swift */; };
		928317BA2099353300ADCDEA /* TSTViewController.swift in Sources */ = {isa = PBXBuildFile; fileRef = 928317B92099353300ADCDEA /* TSTViewController.swift */; };
		92C43E3B204834BD00B1B075 /* SMF.swift in Sources */ = {isa = PBXBuildFile; fileRef = 92C43E3A204834BD00B1B075 /* SMF.swift */; };
		92C499DE20527B7D006211C4 /* DocumentWC.swift in Sources */ = {isa = PBXBuildFile; fileRef = 92C499DD20527B7D006211C4 /* DocumentWC.swift */; };
		92C499E32052AB8A006211C4 /* midiInterfaceController.swift in Sources */ = {isa = PBXBuildFile; fileRef = 92C499DF2052AB8A006211C4 /* midiInterfaceController.swift */; };
		92C499E42052AB8A006211C4 /* KeyAssignTextField.swift in Sources */ = {isa = PBXBuildFile; fileRef = 92C499E02052AB8A006211C4 /* KeyAssignTextField.swift */; };
		92C499E52052AB8A006211C4 /* KeyAssignViewController.swift in Sources */ = {isa = PBXBuildFile; fileRef = 92C499E12052AB8A006211C4 /* KeyAssignViewController.swift */; };
		92C499E62052AB8A006211C4 /* setupWindowController.swift in Sources */ = {isa = PBXBuildFile; fileRef = 92C499E22052AB8A006211C4 /* setupWindowController.swift */; };
		92D682CD204B6E5D004AFA9A /* MIDIInterface.swift in Sources */ = {isa = PBXBuildFile; fileRef = 92D682CC204B6E5D004AFA9A /* MIDIInterface.swift */; };
		92D682D0204B7EDF004AFA9A /* LocationControlWC.swift in Sources */ = {isa = PBXBuildFile; fileRef = 92D682CF204B7EDF004AFA9A /* LocationControlWC.swift */; };
/* End PBXBuildFile section */

/* Begin PBXFileReference section */
		9216B4A62090BBF3009A8448 /* OnelineMidi.swift */ = {isa = PBXFileReference; lastKnownFileType = sourcecode.swift; path = OnelineMidi.swift; sourceTree = "<group>"; };
		92191BE72046F19E0045C473 /* Player.swift */ = {isa = PBXFileReference; fileEncoding = 4; lastKnownFileType = sourcecode.swift; path = Player.swift; sourceTree = "<group>"; };
		92191BE82046F19E0045C473 /* MidiTyper-Bridging-Header.h */ = {isa = PBXFileReference; fileEncoding = 4; lastKnownFileType = sourcecode.c.h; path = "MidiTyper-Bridging-Header.h"; sourceTree = "<group>"; };
		92191BE92046F19F0045C473 /* objCMIDIBridge.m */ = {isa = PBXFileReference; fileEncoding = 4; lastKnownFileType = sourcecode.c.objc; path = objCMIDIBridge.m; sourceTree = "<group>"; };
		92191BEA2046F19F0045C473 /* objCMIDIBridge.h */ = {isa = PBXFileReference; fileEncoding = 4; lastKnownFileType = sourcecode.c.h; path = objCMIDIBridge.h; sourceTree = "<group>"; };
		922E2B2B204D87C4003E3507 /* rewindIcon.png */ = {isa = PBXFileReference; lastKnownFileType = image.png; path = rewindIcon.png; sourceTree = "<group>"; };
		922E2B2C204D87C4003E3507 /* pauseIcon.png */ = {isa = PBXFileReference; lastKnownFileType = image.png; path = pauseIcon.png; sourceTree = "<group>"; };
		922E2B2D204D87C4003E3507 /* playicon.png */ = {isa = PBXFileReference; lastKnownFileType = image.png; path = playicon.png; sourceTree = "<group>"; };
		922E2B2E204D87C4003E3507 /* stopIcon.png */ = {isa = PBXFileReference; lastKnownFileType = image.png; path = stopIcon.png; sourceTree = "<group>"; };
		922E2B34204D8E4A003E3507 /* playAltIcon.png */ = {isa = PBXFileReference; lastKnownFileType = image.png; path = playAltIcon.png; sourceTree = "<group>"; };
		923A01F820995552006FD6F6 /* OnelineTST.swift */ = {isa = PBXFileReference; lastKnownFileType = sourcecode.swift; path = OnelineTST.swift; sourceTree = "<group>"; };
		92594DDF20668E6D00D3828D /* LocatorTextField.swift */ = {isa = PBXFileReference; lastKnownFileType = sourcecode.swift; path = LocatorTextField.swift; sourceTree = "<group>"; };
		9263F1E9204EC66300F52242 /* LocatorViewController.swift */ = {isa = PBXFileReference; lastKnownFileType = sourcecode.swift; path = LocatorViewController.swift; sourceTree = "<group>"; };
		926C63D1203C57BB008AD54F /* MidiTyper.app */ = {isa = PBXFileReference; explicitFileType = wrapper.application; includeInIndex = 0; path = MidiTyper.app; sourceTree = BUILT_PRODUCTS_DIR; };
		926C63D4203C57BB008AD54F /* AppDelegate.swift */ = {isa = PBXFileReference; lastKnownFileType = sourcecode.swift; path = AppDelegate.swift; sourceTree = "<group>"; };
		926C63D6203C57BB008AD54F /* ViewController.swift */ = {isa = PBXFileReference; lastKnownFileType = sourcecode.swift; path = ViewController.swift; sourceTree = "<group>"; };
		926C63D8203C57BB008AD54F /* MidiData.swift */ = {isa = PBXFileReference; lastKnownFileType = sourcecode.swift; path = MidiData.swift; sourceTree = "<group>"; };
		926C63DA203C57BB008AD54F /* Assets.xcassets */ = {isa = PBXFileReference; lastKnownFileType = folder.assetcatalog; path = Assets.xcassets; sourceTree = "<group>"; };
		926C63DD203C57BB008AD54F /* Base */ = {isa = PBXFileReference; lastKnownFileType = file.storyboard; name = Base; path = Base.lproj/Main.storyboard; sourceTree = "<group>"; };
		926C63DF203C57BB008AD54F /* Info.plist */ = {isa = PBXFileReference; lastKnownFileType = text.plist.xml; path = Info.plist; sourceTree = "<group>"; };
		926C63E0203C57BB008AD54F /* MidiTyper.entitlements */ = {isa = PBXFileReference; lastKnownFileType = text.plist.entitlements; path = MidiTyper.entitlements; sourceTree = "<group>"; };
		926C63E6203C5C75008AD54F /* if_ic_queue_music_48px_352081.icns */ = {isa = PBXFileReference; lastKnownFileType = image.icns; path = if_ic_queue_music_48px_352081.icns; sourceTree = "<group>"; };
		928317B520991FDC00ADCDEA /* TSTEditorWinC.swift */ = {isa = PBXFileReference; lastKnownFileType = sourcecode.swift; path = TSTEditorWinC.swift; sourceTree = "<group>"; };
		928317B92099353300ADCDEA /* TSTViewController.swift */ = {isa = PBXFileReference; lastKnownFileType = sourcecode.swift; path = TSTViewController.swift; sourceTree = "<group>"; };
		92C43E3A204834BD00B1B075 /* SMF.swift */ = {isa = PBXFileReference; lastKnownFileType = sourcecode.swift; path = SMF.swift; sourceTree = "<group>"; };
		92C499DD20527B7D006211C4 /* DocumentWC.swift */ = {isa = PBXFileReference; lastKnownFileType = sourcecode.swift; path = DocumentWC.swift; sourceTree = "<group>"; };
		92C499DF2052AB8A006211C4 /* midiInterfaceController.swift */ = {isa = PBXFileReference; fileEncoding = 4; lastKnownFileType = sourcecode.swift; name = midiInterfaceController.swift; path = MidiTyper/midiInterfaceController.swift; sourceTree = SOURCE_ROOT; };
		92C499E02052AB8A006211C4 /* KeyAssignTextField.swift */ = {isa = PBXFileReference; fileEncoding = 4; lastKnownFileType = sourcecode.swift; name = KeyAssignTextField.swift; path = MidiTyper/KeyAssignTextField.swift; sourceTree = SOURCE_ROOT; };
		92C499E12052AB8A006211C4 /* KeyAssignViewController.swift */ = {isa = PBXFileReference; fileEncoding = 4; lastKnownFileType = sourcecode.swift; name = KeyAssignViewController.swift; path = MidiTyper/KeyAssignViewController.swift; sourceTree = SOURCE_ROOT; };
		92C499E22052AB8A006211C4 /* setupWindowController.swift */ = {isa = PBXFileReference; fileEncoding = 4; lastKnownFileType = sourcecode.swift; name = setupWindowController.swift; path = MidiTyper/setupWindowController.swift; sourceTree = SOURCE_ROOT; };
		92D682CC204B6E5D004AFA9A /* MIDIInterface.swift */ = {isa = PBXFileReference; fileEncoding = 4; lastKnownFileType = sourcecode.swift; path = MIDIInterface.swift; sourceTree = "<group>"; };
		92D682CF204B7EDF004AFA9A /* LocationControlWC.swift */ = {isa = PBXFileReference; lastKnownFileType = sourcecode.swift; path = LocationControlWC.swift; sourceTree = "<group>"; };
/* End PBXFileReference section */

/* Begin PBXFrameworksBuildPhase section */
		926C63CE203C57BB008AD54F /* Frameworks */ = {
			isa = PBXFrameworksBuildPhase;
			buildActionMask = 2147483647;
			files = (
			);
			runOnlyForDeploymentPostprocessing = 0;
		};
/* End PBXFrameworksBuildPhase section */

/* Begin PBXGroup section */
		9216B4A32090BB61009A8448 /* Midi Editor */ = {
			isa = PBXGroup;
			children = (
				928317B8209934ED00ADCDEA /* Event Editor */,
				928317B7209934C400ADCDEA /* TimeSig_Tempo */,
			);
			path = "Midi Editor";
			sourceTree = "<group>";
		};
		922E2B33204D87E9003E3507 /* Icons */ = {
			isa = PBXGroup;
			children = (
				922E2B2C204D87C4003E3507 /* pauseIcon.png */,
				922E2B2D204D87C4003E3507 /* playicon.png */,
				922E2B2B204D87C4003E3507 /* rewindIcon.png */,
				922E2B2E204D87C4003E3507 /* stopIcon.png */,
				922E2B34204D8E4A003E3507 /* playAltIcon.png */,
			);
			path = Icons;
			sourceTree = "<group>";
		};
		926C63C8203C57BB008AD54F = {
			isa = PBXGroup;
			children = (
				926C63D3203C57BB008AD54F /* MidiTyper */,
				926C63D2203C57BB008AD54F /* Products */,
				922E2B33204D87E9003E3507 /* Icons */,
			);
			sourceTree = "<group>";
		};
		926C63D2203C57BB008AD54F /* Products */ = {
			isa = PBXGroup;
			children = (
				926C63D1203C57BB008AD54F /* MidiTyper.app */,
			);
			name = Products;
			sourceTree = "<group>";
		};
		926C63D3203C57BB008AD54F /* MidiTyper */ = {
			isa = PBXGroup;
			children = (
				926C63D4203C57BB008AD54F /* AppDelegate.swift */,
				9216B4A32090BB61009A8448 /* Midi Editor */,
				92D682CE204B7E5B004AFA9A /* CommonControl */,
				92D682CB204B6E0D004AFA9A /* MidiInterface */,
				926C63D8203C57BB008AD54F /* MidiData.swift */,
				92C43E3A204834BD00B1B075 /* SMF.swift */,
				92191BE82046F19E0045C473 /* MidiTyper-Bridging-Header.h */,
				92191BEA2046F19F0045C473 /* objCMIDIBridge.h */,
				92191BE92046F19F0045C473 /* objCMIDIBridge.m */,
				92191BE72046F19E0045C473 /* Player.swift */,
				926C63DA203C57BB008AD54F /* Assets.xcassets */,
				926C63DC203C57BB008AD54F /* Main.storyboard */,
				926C63DF203C57BB008AD54F /* Info.plist */,
				926C63E0203C57BB008AD54F /* MidiTyper.entitlements */,
				926C63E6203C5C75008AD54F /* if_ic_queue_music_48px_352081.icns */,
			);
			path = MidiTyper;
			sourceTree = "<group>";
		};
		928317B7209934C400ADCDEA /* TimeSig_Tempo */ = {
			isa = PBXGroup;
			children = (
				928317B520991FDC00ADCDEA /* TSTEditorWinC.swift */,
				928317B92099353300ADCDEA /* TSTViewController.swift */,
				923A01F820995552006FD6F6 /* OnelineTST.swift */,
			);
			path = TimeSig_Tempo;
			sourceTree = "<group>";
		};
		928317B8209934ED00ADCDEA /* Event Editor */ = {
			isa = PBXGroup;
			children = (
				92C499DD20527B7D006211C4 /* DocumentWC.swift */,
				926C63D6203C57BB008AD54F /* ViewController.swift */,
				9216B4A62090BBF3009A8448 /* OnelineMidi.swift */,
			);
			path = "Event Editor";
			sourceTree = "<group>";
		};
		92D682CB204B6E0D004AFA9A /* MidiInterface */ = {
			isa = PBXGroup;
			children = (
				92D682CC204B6E5D004AFA9A /* MIDIInterface.swift */,
				92C499E02052AB8A006211C4 /* KeyAssignTextField.swift */,
				92C499E12052AB8A006211C4 /* KeyAssignViewController.swift */,
				92C499DF2052AB8A006211C4 /* midiInterfaceController.swift */,
				92C499E22052AB8A006211C4 /* setupWindowController.swift */,
			);
			path = MidiInterface;
			sourceTree = "<group>";
		};
		92D682CE204B7E5B004AFA9A /* CommonControl */ = {
			isa = PBXGroup;
			children = (
				92D682CF204B7EDF004AFA9A /* LocationControlWC.swift */,
				92594DDF20668E6D00D3828D /* LocatorTextField.swift */,
				9263F1E9204EC66300F52242 /* LocatorViewController.swift */,
			);
			path = CommonControl;
			sourceTree = "<group>";
		};
/* End PBXGroup section */

/* Begin PBXNativeTarget section */
		926C63D0203C57BB008AD54F /* MidiTyper */ = {
			isa = PBXNativeTarget;
			buildConfigurationList = 926C63E3203C57BB008AD54F /* Build configuration list for PBXNativeTarget "MidiTyper" */;
			buildPhases = (
				926C63CD203C57BB008AD54F /* Sources */,
				926C63CE203C57BB008AD54F /* Frameworks */,
				926C63CF203C57BB008AD54F /* Resources */,
			);
			buildRules = (
			);
			dependencies = (
			);
			name = MidiTyper;
			productName = MidiTyper;
			productReference = 926C63D1203C57BB008AD54F /* MidiTyper.app */;
			productType = "com.apple.product-type.application";
		};
/* End PBXNativeTarget section */

/* Begin PBXProject section */
		926C63C9203C57BB008AD54F /* Project object */ = {
			isa = PBXProject;
			attributes = {
				LastSwiftUpdateCheck = 0920;
				LastUpgradeCheck = 0930;
				ORGANIZATIONNAME = "Yoshi Sawada";
				TargetAttributes = {
					926C63D0203C57BB008AD54F = {
						CreatedOnToolsVersion = 9.2;
						LastSwiftMigration = 0920;
						ProvisioningStyle = Automatic;
					};
				};
			};
			buildConfigurationList = 926C63CC203C57BB008AD54F /* Build configuration list for PBXProject "MidiTyper" */;
			compatibilityVersion = "Xcode 8.0";
			developmentRegion = en;
			hasScannedForEncodings = 0;
			knownRegions = (
				en,
				Base,
			);
			mainGroup = 926C63C8203C57BB008AD54F;
			productRefGroup = 926C63D2203C57BB008AD54F /* Products */;
			projectDirPath = "";
			projectRoot = "";
			targets = (
				926C63D0203C57BB008AD54F /* MidiTyper */,
			);
		};
/* End PBXProject section */

/* Begin PBXResourcesBuildPhase section */
		926C63CF203C57BB008AD54F /* Resources */ = {
			isa = PBXResourcesBuildPhase;
			buildActionMask = 2147483647;
			files = (
				926C63DB203C57BB008AD54F /* Assets.xcassets in Resources */,
				926C63DE203C57BB008AD54F /* Main.storyboard in Resources */,
				922E2B35204D8E4A003E3507 /* playAltIcon.png in Resources */,
				926C63E7203C5C75008AD54F /* if_ic_queue_music_48px_352081.icns in Resources */,
				922E2B30204D87C4003E3507 /* pauseIcon.png in Resources */,
				922E2B31204D87C4003E3507 /* playicon.png in Resources */,
				922E2B32204D87C4003E3507 /* stopIcon.png in Resources */,
				922E2B2F204D87C4003E3507 /* rewindIcon.png in Resources */,
			);
			runOnlyForDeploymentPostprocessing = 0;
		};
/* End PBXResourcesBuildPhase section */

/* Begin PBXSourcesBuildPhase section */
		926C63CD203C57BB008AD54F /* Sources */ = {
			isa = PBXSourcesBuildPhase;
			buildActionMask = 2147483647;
			files = (
				92C499E52052AB8A006211C4 /* KeyAssignViewController.swift in Sources */,
				9263F1EA204EC66300F52242 /* LocatorViewController.swift in Sources */,
				92C43E3B204834BD00B1B075 /* SMF.swift in Sources */,
				92C499DE20527B7D006211C4 /* DocumentWC.swift in Sources */,
				92191BEB2046F19F0045C473 /* Player.swift in Sources */,
				926C63D7203C57BB008AD54F /* ViewController.swift in Sources */,
				928317BA2099353300ADCDEA /* TSTViewController.swift in Sources */,
				92D682CD204B6E5D004AFA9A /* MIDIInterface.swift in Sources */,
				92C499E32052AB8A006211C4 /* midiInterfaceController.swift in Sources */,
				92D682D0204B7EDF004AFA9A /* LocationControlWC.swift in Sources */,
				9216B4A72090BBF3009A8448 /* OnelineMidi.swift in Sources */,
				923A01F920995552006FD6F6 /* OnelineTST.swift in Sources */,
				926C63D5203C57BB008AD54F /* AppDelegate.swift in Sources */,
				92191BEC2046F19F0045C473 /* objCMIDIBridge.m in Sources */,
				928317B620991FDC00ADCDEA /* TSTEditorWinC.swift in Sources */,
				92C499E42052AB8A006211C4 /* KeyAssignTextField.swift in Sources */,
				92594DE020668E6D00D3828D /* LocatorTextField.swift in Sources */,
				926C63D9203C57BB008AD54F /* MidiData.swift in Sources */,
				92C499E62052AB8A006211C4 /* setupWindowController.swift in Sources */,
			);
			runOnlyForDeploymentPostprocessing = 0;
		};
/* End PBXSourcesBuildPhase section */

/* Begin PBXVariantGroup section */
		926C63DC203C57BB008AD54F /* Main.storyboard */ = {
			isa = PBXVariantGroup;
			children = (
				926C63DD203C57BB008AD54F /* Base */,
			);
			name = Main.storyboard;
			sourceTree = "<group>";
		};
/* End PBXVariantGroup section */

/* Begin XCBuildConfiguration section */
		926C63E1203C57BB008AD54F /* Debug */ = {
			isa = XCBuildConfiguration;
			buildSettings = {
				ALWAYS_SEARCH_USER_PATHS = NO;
				CLANG_ANALYZER_NONNULL = YES;
				CLANG_ANALYZER_NUMBER_OBJECT_CONVERSION = YES_AGGRESSIVE;
				CLANG_CXX_LANGUAGE_STANDARD = "gnu++14";
				CLANG_CXX_LIBRARY = "libc++";
				CLANG_ENABLE_MODULES = YES;
				CLANG_ENABLE_OBJC_ARC = YES;
				CLANG_WARN_BLOCK_CAPTURE_AUTORELEASING = YES;
				CLANG_WARN_BOOL_CONVERSION = YES;
				CLANG_WARN_COMMA = YES;
				CLANG_WARN_CONSTANT_CONVERSION = YES;
				CLANG_WARN_DEPRECATED_OBJC_IMPLEMENTATIONS = YES;
				CLANG_WARN_DIRECT_OBJC_ISA_USAGE = YES_ERROR;
				CLANG_WARN_DOCUMENTATION_COMMENTS = YES;
				CLANG_WARN_EMPTY_BODY = YES;
				CLANG_WARN_ENUM_CONVERSION = YES;
				CLANG_WARN_INFINITE_RECURSION = YES;
				CLANG_WARN_INT_CONVERSION = YES;
				CLANG_WARN_NON_LITERAL_NULL_CONVERSION = YES;
				CLANG_WARN_OBJC_IMPLICIT_RETAIN_SELF = YES;
				CLANG_WARN_OBJC_LITERAL_CONVERSION = YES;
				CLANG_WARN_OBJC_ROOT_CLASS = YES_ERROR;
				CLANG_WARN_RANGE_LOOP_ANALYSIS = YES;
				CLANG_WARN_STRICT_PROTOTYPES = YES;
				CLANG_WARN_SUSPICIOUS_MOVE = YES;
				CLANG_WARN_UNGUARDED_AVAILABILITY = YES_AGGRESSIVE;
				CLANG_WARN_UNREACHABLE_CODE = YES;
				CLANG_WARN__DUPLICATE_METHOD_MATCH = YES;
				CODE_SIGN_IDENTITY = "-";
				COPY_PHASE_STRIP = NO;
				DEBUG_INFORMATION_FORMAT = dwarf;
				ENABLE_STRICT_OBJC_MSGSEND = YES;
				ENABLE_TESTABILITY = YES;
				GCC_C_LANGUAGE_STANDARD = gnu11;
				GCC_DYNAMIC_NO_PIC = NO;
				GCC_NO_COMMON_BLOCKS = YES;
				GCC_OPTIMIZATION_LEVEL = 0;
				GCC_PREPROCESSOR_DEFINITIONS = (
					"DEBUG=1",
					"$(inherited)",
				);
				GCC_WARN_64_TO_32_BIT_CONVERSION = YES;
				GCC_WARN_ABOUT_RETURN_TYPE = YES_ERROR;
				GCC_WARN_UNDECLARED_SELECTOR = YES;
				GCC_WARN_UNINITIALIZED_AUTOS = YES_AGGRESSIVE;
				GCC_WARN_UNUSED_FUNCTION = YES;
				GCC_WARN_UNUSED_VARIABLE = YES;
				IBSC_WARNINGS = NO;
				MACOSX_DEPLOYMENT_TARGET = 10.13;
				MTL_ENABLE_DEBUG_INFO = YES;
				ONLY_ACTIVE_ARCH = YES;
				SDKROOT = macosx;
				SWIFT_ACTIVE_COMPILATION_CONDITIONS = DEBUG;
				SWIFT_OPTIMIZATION_LEVEL = "-Onone";
			};
			name = Debug;
		};
		926C63E2203C57BB008AD54F /* Release */ = {
			isa = XCBuildConfiguration;
			buildSettings = {
				ALWAYS_SEARCH_USER_PATHS = NO;
				CLANG_ANALYZER_NONNULL = YES;
				CLANG_ANALYZER_NUMBER_OBJECT_CONVERSION = YES_AGGRESSIVE;
				CLANG_CXX_LANGUAGE_STANDARD = "gnu++14";
				CLANG_CXX_LIBRARY = "libc++";
				CLANG_ENABLE_MODULES = YES;
				CLANG_ENABLE_OBJC_ARC = YES;
				CLANG_WARN_BLOCK_CAPTURE_AUTORELEASING = YES;
				CLANG_WARN_BOOL_CONVERSION = YES;
				CLANG_WARN_COMMA = YES;
				CLANG_WARN_CONSTANT_CONVERSION = YES;
				CLANG_WARN_DEPRECATED_OBJC_IMPLEMENTATIONS = YES;
				CLANG_WARN_DIRECT_OBJC_ISA_USAGE = YES_ERROR;
				CLANG_WARN_DOCUMENTATION_COMMENTS = YES;
				CLANG_WARN_EMPTY_BODY = YES;
				CLANG_WARN_ENUM_CONVERSION = YES;
				CLANG_WARN_INFINITE_RECURSION = YES;
				CLANG_WARN_INT_CONVERSION = YES;
				CLANG_WARN_NON_LITERAL_NULL_CONVERSION = YES;
				CLANG_WARN_OBJC_IMPLICIT_RETAIN_SELF = YES;
				CLANG_WARN_OBJC_LITERAL_CONVERSION = YES;
				CLANG_WARN_OBJC_ROOT_CLASS = YES_ERROR;
				CLANG_WARN_RANGE_LOOP_ANALYSIS = YES;
				CLANG_WARN_STRICT_PROTOTYPES = YES;
				CLANG_WARN_SUSPICIOUS_MOVE = YES;
				CLANG_WARN_UNGUARDED_AVAILABILITY = YES_AGGRESSIVE;
				CLANG_WARN_UNREACHABLE_CODE = YES;
				CLANG_WARN__DUPLICATE_METHOD_MATCH = YES;
				CODE_SIGN_IDENTITY = "-";
				COPY_PHASE_STRIP = NO;
				DEBUG_INFORMATION_FORMAT = "dwarf-with-dsym";
				ENABLE_NS_ASSERTIONS = NO;
				ENABLE_STRICT_OBJC_MSGSEND = YES;
				GCC_C_LANGUAGE_STANDARD = gnu11;
				GCC_NO_COMMON_BLOCKS = YES;
				GCC_WARN_64_TO_32_BIT_CONVERSION = YES;
				GCC_WARN_ABOUT_RETURN_TYPE = YES_ERROR;
				GCC_WARN_UNDECLARED_SELECTOR = YES;
				GCC_WARN_UNINITIALIZED_AUTOS = YES_AGGRESSIVE;
				GCC_WARN_UNUSED_FUNCTION = YES;
				GCC_WARN_UNUSED_VARIABLE = YES;
				IBSC_WARNINGS = NO;
				MACOSX_DEPLOYMENT_TARGET = 10.13;
				MTL_ENABLE_DEBUG_INFO = NO;
				SDKROOT = macosx;
				SWIFT_OPTIMIZATION_LEVEL = "-Owholemodule";
			};
			name = Release;
		};
		926C63E4203C57BB008AD54F /* Debug */ = {
			isa = XCBuildConfiguration;
			buildSettings = {
				ASSETCATALOG_COMPILER_APPICON_NAME = AppIcon;
				CLANG_ENABLE_MODULES = YES;
				CODE_SIGN_ENTITLEMENTS = MidiTyper/MidiTyper.entitlements;
				CODE_SIGN_STYLE = Automatic;
				COMBINE_HIDPI_IMAGES = YES;
				IBSC_WARNINGS = NO;
				INFOPLIST_FILE = MidiTyper/Info.plist;
				LD_RUNPATH_SEARCH_PATHS = "$(inherited) @executable_path/../Frameworks";
				PRODUCT_BUNDLE_IDENTIFIER = com.ysawada.MidiTyper;
				PRODUCT_NAME = "$(TARGET_NAME)";
				"SWIFT_OBJC_BRIDGING_HEADER[arch=*]" = "MidiTyper/MidiTyper-Bridging-Header.h";
				SWIFT_OPTIMIZATION_LEVEL = "-Onone";
				SWIFT_VERSION = 4.0;
			};
			name = Debug;
		};
		926C63E5203C57BB008AD54F /* Release */ = {
			isa = XCBuildConfiguration;
			buildSettings = {
				ASSETCATALOG_COMPILER_APPICON_NAME = AppIcon;
				CLANG_ENABLE_MODULES = YES;
				CODE_SIGN_ENTITLEMENTS = MidiTyper/MidiTyper.entitlements;
				CODE_SIGN_STYLE = Automatic;
				COMBINE_HIDPI_IMAGES = YES;
				IBSC_WARNINGS = NO;
				INFOPLIST_FILE = MidiTyper/Info.plist;
				LD_RUNPATH_SEARCH_PATHS = "$(inherited) @executable_path/../Frameworks";
				PRODUCT_BUNDLE_IDENTIFIER = com.ysawada.MidiTyper;
				PRODUCT_NAME = "$(TARGET_NAME)";
				"SWIFT_OBJC_BRIDGING_HEADER[arch=*]" = "MidiTyper/MidiTyper-Bridging-Header.h";
				SWIFT_VERSION = 4.0;
			};
			name = Release;
		};
/* End XCBuildConfiguration section */

/* Begin XCConfigurationList section */
		926C63CC203C57BB008AD54F /* Build configuration list for PBXProject "MidiTyper" */ = {
			isa = XCConfigurationList;
			buildConfigurations = (
				926C63E1203C57BB008AD54F /* Debug */,
				926C63E2203C57BB008AD54F /* Release */,
			);
			defaultConfigurationIsVisible = 0;
			defaultConfigurationName = Release;
		};
		926C63E3203C57BB008AD54F /* Build configuration list for PBXNativeTarget "MidiTyper" */ = {
			isa = XCConfigurationList;
			buildConfigurations = (
				926C63E4203C57BB008AD54F /* Debug */,
				926C63E5203C57BB008AD54F /* Release */,
			);
			defaultConfigurationIsVisible = 0;
			defaultConfigurationName = Release;
		};
/* End XCConfigurationList section */
	};
	rootObject = 926C63C9203C57BB008AD54F /* Project object */;
}
